
Microsoft Visual Studio Solution File, Format Version 12.00
# Visual Studio 15
VisualStudioVersion = 15.0.28307.329
MinimumVisualStudioVersion = 10.0.40219.1
Project("{2150E333-8FDC-42A3-9474-1A3956D46DE8}") = "ActressMas Framework", "ActressMas Framework", "{3878A67C-5481-490A-9DF3-1F5D37287F71}"
EndProject
Project("{FAE04EC0-301F-11D3-BF4B-00C04F79EFBC}") = "ActressMas", "ActressMas Framework\ActressMas\ActressMas.csproj", "{512082B9-9B3A-43C8-9939-EFDFB1CAFF2E}"
EndProject
Project("{2150E333-8FDC-42A3-9474-1A3956D46DE8}") = "Examples", "Examples", "{5D6F2011-990B-4B92-98BC-60FAE2492CD6}"
EndProject
Project("{2150E333-8FDC-42A3-9474-1A3956D46DE8}") = "E00 Simple Examples", "E00 Simple Examples", "{22DFD2AA-0E88-4370-BC69-69FC0F60BFBC}"
EndProject
Project("{FAE04EC0-301F-11D3-BF4B-00C04F79EFBC}") = "Agents1", "Examples\E00 Simple Examples\Agents1\Agents1.csproj", "{8C41234D-6A90-4226-810C-74D5037342A1}"
EndProject
Project("{FAE04EC0-301F-11D3-BF4B-00C04F79EFBC}") = "Agents2", "Examples\E00 Simple Examples\Agents2\Agents2.csproj", "{EE3A5116-F09A-4861-ADC9-14FA9EC540CC}"
EndProject
Project("{FAE04EC0-301F-11D3-BF4B-00C04F79EFBC}") = "Agents3", "Examples\E00 Simple Examples\Agents3\Agents3.csproj", "{93ABEFBE-0E35-4245-96AD-27CCA1058F54}"
EndProject
Project("{FAE04EC0-301F-11D3-BF4B-00C04F79EFBC}") = "Agents4", "Examples\E00 Simple Examples\Agents4\Agents4.csproj", "{071A92D5-2E91-420E-B7FE-1B90435027B0}"
EndProject
Project("{FAE04EC0-301F-11D3-BF4B-00C04F79EFBC}") = "Agents5", "Examples\E00 Simple Examples\Agents5\Agents5.csproj", "{6D23D6C5-4030-474A-9EC6-F49A29E7BD11}"
EndProject
Project("{FAE04EC0-301F-11D3-BF4B-00C04F79EFBC}") = "MultipleMessages", "Examples\E00 Simple Examples\MultipleMessages\MultipleMessages.csproj", "{ED7924AC-6494-4CA6-88FC-F1AA36CF1F02}"
EndProject
Project("{FAE04EC0-301F-11D3-BF4B-00C04F79EFBC}") = "SendingObjects", "Examples\E00 Simple Examples\SendingObjects\SendingObjects.csproj", "{21F31003-FFD5-4D3F-93BD-801A932AF880}"
EndProject
Project("{2150E333-8FDC-42A3-9474-1A3956D46DE8}") = "E01 Reactive Architecture", "E01 Reactive Architecture", "{DDADFE5E-03BA-486A-8D66-67A73668CD5D}"
EndProject
Project("{FAE04EC0-301F-11D3-BF4B-00C04F79EFBC}") = "Reactive", "Examples\E01 Reactive Architecture\Reactive.csproj", "{F1C2B961-ABE7-4E5C-987A-7B0BFCFF2D40}"
EndProject
Project("{2150E333-8FDC-42A3-9474-1A3956D46DE8}") = "E02 BDI Architecture", "E02 BDI Architecture", "{D68AA757-890B-4FFC-BE14-E8E321443606}"
EndProject
Project("{FAE04EC0-301F-11D3-BF4B-00C04F79EFBC}") = "Bdi", "Examples\E02 BDI Architecture\Bdi.csproj", "{C6E043EE-88A1-4384-B69E-9D4842FB32E4}"
EndProject
Project("{2150E333-8FDC-42A3-9474-1A3956D46DE8}") = "E03 LRTA Search", "E03 LRTA Search", "{E47B1B8C-2A7C-4782-83F5-2846E498E72E}"
EndProject
Project("{FAE04EC0-301F-11D3-BF4B-00C04F79EFBC}") = "LrtaStar", "Examples\E03 LRTA Search\LrtaStar.csproj", "{E9726320-5AA6-45BD-9C24-DDDDF0EE1486}"
EndProject
Project("{2150E333-8FDC-42A3-9474-1A3956D46DE8}") = "E04 Shapley Value", "E04 Shapley Value", "{54F69249-4C93-4F28-8AB4-DB59F9975349}"
EndProject
Project("{2150E333-8FDC-42A3-9474-1A3956D46DE8}") = "E05 Auctions", "E05 Auctions", "{E68B8507-AF8E-4ED2-8C2E-8276260AE1E3}"
EndProject
Project("{2150E333-8FDC-42A3-9474-1A3956D46DE8}") = "E06 Yellow Pages", "E06 Yellow Pages", "{0D9015D7-F0E7-4E9C-BDA6-28FC3D997731}"
EndProject
Project("{2150E333-8FDC-42A3-9474-1A3956D46DE8}") = "E07 Zeuthen Strategy", "E07 Zeuthen Strategy", "{B766EC96-4D08-4B82-9B58-06D4CC2E9CD2}"
EndProject
Project("{2150E333-8FDC-42A3-9474-1A3956D46DE8}") = "E08 Contract Net Protocol", "E08 Contract Net Protocol", "{351CE165-5290-4321-B0C0-0B042DEA864C}"
EndProject
Project("{2150E333-8FDC-42A3-9474-1A3956D46DE8}") = "E09 Mechanism Design", "E09 Mechanism Design", "{934B530A-7B3C-4A0D-9986-438A1E84FFCA}"
EndProject
Project("{2150E333-8FDC-42A3-9474-1A3956D46DE8}") = "E10 Iterated Prisoner Dilemma", "E10 Iterated Prisoner Dilemma", "{AB24FFF2-2438-4E5D-9E21-E02EA90B77DF}"
EndProject
Project("{2150E333-8FDC-42A3-9474-1A3956D46DE8}") = "E11 Predator-Prey", "E11 Predator-Prey", "{DADA0A40-1F45-4527-8449-2200BC9DFD02}"
EndProject
Project("{2150E333-8FDC-42A3-9474-1A3956D46DE8}") = "E12 Simple Observables", "E12 Simple Observables", "{4074B72C-4331-4EF6-B374-DE18C63C33C0}"
EndProject
Project("{2150E333-8FDC-42A3-9474-1A3956D46DE8}") = "E13 Game of Life", "E13 Game of Life", "{E2203DCE-109C-4977-9EDC-E656A10262D7}"
EndProject
Project("{2150E333-8FDC-42A3-9474-1A3956D46DE8}") = "E20 Mobile Examples", "E20 Mobile Examples", "{5BDD26C2-C5AD-42F2-9E46-F9F68393BF6E}"
EndProject
Project("{FAE04EC0-301F-11D3-BF4B-00C04F79EFBC}") = "MasMobileConsole", "Examples\E20 Mobile Examples\MasMobileConsole\MasMobileConsole.csproj", "{F662A1B6-D78D-4853-9814-61D01D42F38D}"
EndProject
Project("{FAE04EC0-301F-11D3-BF4B-00C04F79EFBC}") = "MasMobileGui", "Examples\E20 Mobile Examples\MasMobileGui\MasMobileGui.csproj", "{0D167686-031D-4B2F-8F0F-A35F71736DC2}"
EndProject
Project("{FAE04EC0-301F-11D3-BF4B-00C04F79EFBC}") = "MyServerConsole", "Examples\E20 Mobile Examples\MyServerConsole\MyServerConsole.csproj", "{6E56B0D3-6CEA-4340-8982-6A31A26EAC49}"
EndProject
Project("{FAE04EC0-301F-11D3-BF4B-00C04F79EFBC}") = "MyServerGui", "Examples\E20 Mobile Examples\MyServerGui\MyServerGui.csproj", "{FE4D2C90-9422-477C-8E1E-36E2B1EE2655}"
EndProject
Project("{FAE04EC0-301F-11D3-BF4B-00C04F79EFBC}") = "Shapley", "Examples\E04 Shapley Value\Shapley.csproj", "{A6514F38-9C4A-4018-9D78-2D4735BFD946}"
EndProject
Project("{FAE04EC0-301F-11D3-BF4B-00C04F79EFBC}") = "EnglishAuction", "Examples\E05 Auctions\English with broadcast\EnglishAuction.csproj", "{50447CC7-5F8E-48DD-B156-51D28096795C}"
EndProject
Project("{FAE04EC0-301F-11D3-BF4B-00C04F79EFBC}") = "EnglishNoBroadcast", "Examples\E05 Auctions\English without broadcast\EnglishNoBroadcast.csproj", "{DD3D0EB1-CB52-42EF-953C-2F2F4C3DF2D2}"
EndProject
Project("{FAE04EC0-301F-11D3-BF4B-00C04F79EFBC}") = "VickreyAuction", "Examples\E05 Auctions\Vickrey\VickreyAuction.csproj", "{27816F79-6EDA-4D2D-A643-65940B93F347}"
EndProject
Project("{FAE04EC0-301F-11D3-BF4B-00C04F79EFBC}") = "YellowPages", "Examples\E06 Yellow Pages\YellowPages.csproj", "{D400F205-124B-4B21-A097-988D3258B2ED}"
EndProject
Project("{FAE04EC0-301F-11D3-BF4B-00C04F79EFBC}") = "Zeuthen", "Examples\E07 Zeuthen Strategy\Zeuthen.csproj", "{75B83482-619E-4238-B8AA-E4A4E0A09C9E}"
EndProject
Project("{FAE04EC0-301F-11D3-BF4B-00C04F79EFBC}") = "MechanismDesign", "Examples\E09 Mechanism Design\MechanismDesign.csproj", "{E9B5C790-C3CC-4B02-A5EA-D6175DF04CF0}"
EndProject
Project("{FAE04EC0-301F-11D3-BF4B-00C04F79EFBC}") = "IteratedPrisonersDilemma", "Examples\E10 Iterated Prisoner Dilemma\IteratedPrisonersDilemma.csproj", "{C9CFE487-E80D-48C0-B5E7-36C93D724A15}"
EndProject
Project("{FAE04EC0-301F-11D3-BF4B-00C04F79EFBC}") = "ColorGame", "Examples\E12 Simple Observables\ColorGame\ColorGame.csproj", "{89C2F928-3028-49A1-8B82-D9ACD0ED6852}"
EndProject
Project("{FAE04EC0-301F-11D3-BF4B-00C04F79EFBC}") = "NumberGame", "Examples\E12 Simple Observables\NumberGame\NumberGame.csproj", "{EBC7B24A-A70E-4DED-9BF6-8D6B93AE33D0}"
EndProject
Project("{FAE04EC0-301F-11D3-BF4B-00C04F79EFBC}") = "PredatorPrey", "Examples\E11 Predator-Prey\PredatorPreyConsole\PredatorPrey.csproj", "{B3A64299-40D0-4C5D-BE9E-C0AA61965921}"
EndProject
Project("{FAE04EC0-301F-11D3-BF4B-00C04F79EFBC}") = "PredatorPreyGui", "Examples\E11 Predator-Prey\PredatorPreyGui\PredatorPreyGui.csproj", "{713026B6-25E3-4AF9-B17C-BAEA1BB17571}"
EndProject
Project("{FAE04EC0-301F-11D3-BF4B-00C04F79EFBC}") = "GameOfLife", "Examples\E13 Game of Life\GameOfLife.csproj", "{F353F39E-FBC2-423F-B504-2CF5E9B8EC71}"
EndProject
Project("{FAE04EC0-301F-11D3-BF4B-00C04F79EFBC}") = "RemoteMessages", "Examples\E20 Mobile Examples\RemoteMessages\RemoteMessages.csproj", "{C3ACBF50-CEFA-4472-B226-4B8D656F02FD}"
EndProject
Project("{2150E333-8FDC-42A3-9474-1A3956D46DE8}") = "E30 Benchmarks", "E30 Benchmarks", "{16E48FA1-CB6B-4E59-840D-EC5280C93869}"
EndProject
Project("{FAE04EC0-301F-11D3-BF4B-00C04F79EFBC}") = "PingPong", "Examples\E30 Benchmarks\PingPong\PingPong.csproj", "{7299A5A4-B545-40FE-B670-C81A50574B4B}"
EndProject
Project("{FAE04EC0-301F-11D3-BF4B-00C04F79EFBC}") = "Skynet", "Examples\E30 Benchmarks\Skynet\Skynet.csproj", "{AFED88AA-D678-4122-A3E0-71112976E39F}"
EndProject
Project("{FAE04EC0-301F-11D3-BF4B-00C04F79EFBC}") = "ContractNet", "Examples\E08 Contract Net Protocol\ContractNet.csproj", "{0E66E1E0-D4CC-4CD0-B0AB-6CAF96124F88}"
EndProject
Project("{2150E333-8FDC-42A3-9474-1A3956D46DE8}") = "E14 Voting", "E14 Voting", "{4452AE91-399A-41A5-85EB-4E3ADD829413}"
EndProject
Project("{FAE04EC0-301F-11D3-BF4B-00C04F79EFBC}") = "Voting", "Examples\E14 Voting\Voting.csproj", "{8AE04CBA-6976-40EB-97B4-DDCB111B7B5B}"
EndProject
Global
	GlobalSection(SolutionConfigurationPlatforms) = preSolution
		Debug|Any CPU = Debug|Any CPU
		Release|Any CPU = Release|Any CPU
	EndGlobalSection
	GlobalSection(ProjectConfigurationPlatforms) = postSolution
		{512082B9-9B3A-43C8-9939-EFDFB1CAFF2E}.Debug|Any CPU.ActiveCfg = Debug|Any CPU
		{512082B9-9B3A-43C8-9939-EFDFB1CAFF2E}.Debug|Any CPU.Build.0 = Debug|Any CPU
		{512082B9-9B3A-43C8-9939-EFDFB1CAFF2E}.Release|Any CPU.ActiveCfg = Release|Any CPU
		{512082B9-9B3A-43C8-9939-EFDFB1CAFF2E}.Release|Any CPU.Build.0 = Release|Any CPU
		{8C41234D-6A90-4226-810C-74D5037342A1}.Debug|Any CPU.ActiveCfg = Debug|Any CPU
		{8C41234D-6A90-4226-810C-74D5037342A1}.Debug|Any CPU.Build.0 = Debug|Any CPU
		{8C41234D-6A90-4226-810C-74D5037342A1}.Release|Any CPU.ActiveCfg = Release|Any CPU
		{8C41234D-6A90-4226-810C-74D5037342A1}.Release|Any CPU.Build.0 = Release|Any CPU
		{EE3A5116-F09A-4861-ADC9-14FA9EC540CC}.Debug|Any CPU.ActiveCfg = Debug|Any CPU
		{EE3A5116-F09A-4861-ADC9-14FA9EC540CC}.Debug|Any CPU.Build.0 = Debug|Any CPU
		{EE3A5116-F09A-4861-ADC9-14FA9EC540CC}.Release|Any CPU.ActiveCfg = Release|Any CPU
		{EE3A5116-F09A-4861-ADC9-14FA9EC540CC}.Release|Any CPU.Build.0 = Release|Any CPU
		{93ABEFBE-0E35-4245-96AD-27CCA1058F54}.Debug|Any CPU.ActiveCfg = Debug|Any CPU
		{93ABEFBE-0E35-4245-96AD-27CCA1058F54}.Debug|Any CPU.Build.0 = Debug|Any CPU
		{93ABEFBE-0E35-4245-96AD-27CCA1058F54}.Release|Any CPU.ActiveCfg = Release|Any CPU
		{93ABEFBE-0E35-4245-96AD-27CCA1058F54}.Release|Any CPU.Build.0 = Release|Any CPU
		{071A92D5-2E91-420E-B7FE-1B90435027B0}.Debug|Any CPU.ActiveCfg = Debug|Any CPU
		{071A92D5-2E91-420E-B7FE-1B90435027B0}.Debug|Any CPU.Build.0 = Debug|Any CPU
		{071A92D5-2E91-420E-B7FE-1B90435027B0}.Release|Any CPU.ActiveCfg = Release|Any CPU
		{071A92D5-2E91-420E-B7FE-1B90435027B0}.Release|Any CPU.Build.0 = Release|Any CPU
		{6D23D6C5-4030-474A-9EC6-F49A29E7BD11}.Debug|Any CPU.ActiveCfg = Debug|Any CPU
		{6D23D6C5-4030-474A-9EC6-F49A29E7BD11}.Debug|Any CPU.Build.0 = Debug|Any CPU
		{6D23D6C5-4030-474A-9EC6-F49A29E7BD11}.Release|Any CPU.ActiveCfg = Release|Any CPU
		{6D23D6C5-4030-474A-9EC6-F49A29E7BD11}.Release|Any CPU.Build.0 = Release|Any CPU
		{ED7924AC-6494-4CA6-88FC-F1AA36CF1F02}.Debug|Any CPU.ActiveCfg = Debug|Any CPU
		{ED7924AC-6494-4CA6-88FC-F1AA36CF1F02}.Debug|Any CPU.Build.0 = Debug|Any CPU
		{ED7924AC-6494-4CA6-88FC-F1AA36CF1F02}.Release|Any CPU.ActiveCfg = Release|Any CPU
		{ED7924AC-6494-4CA6-88FC-F1AA36CF1F02}.Release|Any CPU.Build.0 = Release|Any CPU
		{21F31003-FFD5-4D3F-93BD-801A932AF880}.Debug|Any CPU.ActiveCfg = Debug|Any CPU
		{21F31003-FFD5-4D3F-93BD-801A932AF880}.Debug|Any CPU.Build.0 = Debug|Any CPU
		{21F31003-FFD5-4D3F-93BD-801A932AF880}.Release|Any CPU.ActiveCfg = Release|Any CPU
		{21F31003-FFD5-4D3F-93BD-801A932AF880}.Release|Any CPU.Build.0 = Release|Any CPU
		{F1C2B961-ABE7-4E5C-987A-7B0BFCFF2D40}.Debug|Any CPU.ActiveCfg = Debug|Any CPU
		{F1C2B961-ABE7-4E5C-987A-7B0BFCFF2D40}.Debug|Any CPU.Build.0 = Debug|Any CPU
		{F1C2B961-ABE7-4E5C-987A-7B0BFCFF2D40}.Release|Any CPU.ActiveCfg = Release|Any CPU
		{F1C2B961-ABE7-4E5C-987A-7B0BFCFF2D40}.Release|Any CPU.Build.0 = Release|Any CPU
		{C6E043EE-88A1-4384-B69E-9D4842FB32E4}.Debug|Any CPU.ActiveCfg = Debug|Any CPU
		{C6E043EE-88A1-4384-B69E-9D4842FB32E4}.Debug|Any CPU.Build.0 = Debug|Any CPU
		{C6E043EE-88A1-4384-B69E-9D4842FB32E4}.Release|Any CPU.ActiveCfg = Release|Any CPU
		{C6E043EE-88A1-4384-B69E-9D4842FB32E4}.Release|Any CPU.Build.0 = Release|Any CPU
		{E9726320-5AA6-45BD-9C24-DDDDF0EE1486}.Debug|Any CPU.ActiveCfg = Debug|Any CPU
		{E9726320-5AA6-45BD-9C24-DDDDF0EE1486}.Debug|Any CPU.Build.0 = Debug|Any CPU
		{E9726320-5AA6-45BD-9C24-DDDDF0EE1486}.Release|Any CPU.ActiveCfg = Release|Any CPU
		{E9726320-5AA6-45BD-9C24-DDDDF0EE1486}.Release|Any CPU.Build.0 = Release|Any CPU
		{F662A1B6-D78D-4853-9814-61D01D42F38D}.Debug|Any CPU.ActiveCfg = Debug|Any CPU
		{F662A1B6-D78D-4853-9814-61D01D42F38D}.Debug|Any CPU.Build.0 = Debug|Any CPU
		{F662A1B6-D78D-4853-9814-61D01D42F38D}.Release|Any CPU.ActiveCfg = Release|Any CPU
		{F662A1B6-D78D-4853-9814-61D01D42F38D}.Release|Any CPU.Build.0 = Release|Any CPU
		{0D167686-031D-4B2F-8F0F-A35F71736DC2}.Debug|Any CPU.ActiveCfg = Debug|Any CPU
		{0D167686-031D-4B2F-8F0F-A35F71736DC2}.Debug|Any CPU.Build.0 = Debug|Any CPU
		{0D167686-031D-4B2F-8F0F-A35F71736DC2}.Release|Any CPU.ActiveCfg = Release|Any CPU
		{0D167686-031D-4B2F-8F0F-A35F71736DC2}.Release|Any CPU.Build.0 = Release|Any CPU
		{6E56B0D3-6CEA-4340-8982-6A31A26EAC49}.Debug|Any CPU.ActiveCfg = Debug|Any CPU
		{6E56B0D3-6CEA-4340-8982-6A31A26EAC49}.Debug|Any CPU.Build.0 = Debug|Any CPU
		{6E56B0D3-6CEA-4340-8982-6A31A26EAC49}.Release|Any CPU.ActiveCfg = Release|Any CPU
		{6E56B0D3-6CEA-4340-8982-6A31A26EAC49}.Release|Any CPU.Build.0 = Release|Any CPU
		{FE4D2C90-9422-477C-8E1E-36E2B1EE2655}.Debug|Any CPU.ActiveCfg = Debug|Any CPU
		{FE4D2C90-9422-477C-8E1E-36E2B1EE2655}.Debug|Any CPU.Build.0 = Debug|Any CPU
		{FE4D2C90-9422-477C-8E1E-36E2B1EE2655}.Release|Any CPU.ActiveCfg = Release|Any CPU
		{FE4D2C90-9422-477C-8E1E-36E2B1EE2655}.Release|Any CPU.Build.0 = Release|Any CPU
		{A6514F38-9C4A-4018-9D78-2D4735BFD946}.Debug|Any CPU.ActiveCfg = Debug|Any CPU
		{A6514F38-9C4A-4018-9D78-2D4735BFD946}.Debug|Any CPU.Build.0 = Debug|Any CPU
		{A6514F38-9C4A-4018-9D78-2D4735BFD946}.Release|Any CPU.ActiveCfg = Release|Any CPU
		{A6514F38-9C4A-4018-9D78-2D4735BFD946}.Release|Any CPU.Build.0 = Release|Any CPU
		{50447CC7-5F8E-48DD-B156-51D28096795C}.Debug|Any CPU.ActiveCfg = Debug|Any CPU
		{50447CC7-5F8E-48DD-B156-51D28096795C}.Debug|Any CPU.Build.0 = Debug|Any CPU
		{50447CC7-5F8E-48DD-B156-51D28096795C}.Release|Any CPU.ActiveCfg = Release|Any CPU
		{50447CC7-5F8E-48DD-B156-51D28096795C}.Release|Any CPU.Build.0 = Release|Any CPU
		{DD3D0EB1-CB52-42EF-953C-2F2F4C3DF2D2}.Debug|Any CPU.ActiveCfg = Debug|Any CPU
		{DD3D0EB1-CB52-42EF-953C-2F2F4C3DF2D2}.Debug|Any CPU.Build.0 = Debug|Any CPU
		{DD3D0EB1-CB52-42EF-953C-2F2F4C3DF2D2}.Release|Any CPU.ActiveCfg = Release|Any CPU
		{DD3D0EB1-CB52-42EF-953C-2F2F4C3DF2D2}.Release|Any CPU.Build.0 = Release|Any CPU
		{27816F79-6EDA-4D2D-A643-65940B93F347}.Debug|Any CPU.ActiveCfg = Debug|Any CPU
		{27816F79-6EDA-4D2D-A643-65940B93F347}.Debug|Any CPU.Build.0 = Debug|Any CPU
		{27816F79-6EDA-4D2D-A643-65940B93F347}.Release|Any CPU.ActiveCfg = Release|Any CPU
		{27816F79-6EDA-4D2D-A643-65940B93F347}.Release|Any CPU.Build.0 = Release|Any CPU
		{D400F205-124B-4B21-A097-988D3258B2ED}.Debug|Any CPU.ActiveCfg = Debug|Any CPU
		{D400F205-124B-4B21-A097-988D3258B2ED}.Debug|Any CPU.Build.0 = Debug|Any CPU
		{D400F205-124B-4B21-A097-988D3258B2ED}.Release|Any CPU.ActiveCfg = Release|Any CPU
		{D400F205-124B-4B21-A097-988D3258B2ED}.Release|Any CPU.Build.0 = Release|Any CPU
		{75B83482-619E-4238-B8AA-E4A4E0A09C9E}.Debug|Any CPU.ActiveCfg = Debug|Any CPU
		{75B83482-619E-4238-B8AA-E4A4E0A09C9E}.Debug|Any CPU.Build.0 = Debug|Any CPU
		{75B83482-619E-4238-B8AA-E4A4E0A09C9E}.Release|Any CPU.ActiveCfg = Release|Any CPU
		{75B83482-619E-4238-B8AA-E4A4E0A09C9E}.Release|Any CPU.Build.0 = Release|Any CPU
		{E9B5C790-C3CC-4B02-A5EA-D6175DF04CF0}.Debug|Any CPU.ActiveCfg = Debug|Any CPU
		{E9B5C790-C3CC-4B02-A5EA-D6175DF04CF0}.Debug|Any CPU.Build.0 = Debug|Any CPU
		{E9B5C790-C3CC-4B02-A5EA-D6175DF04CF0}.Release|Any CPU.ActiveCfg = Release|Any CPU
		{E9B5C790-C3CC-4B02-A5EA-D6175DF04CF0}.Release|Any CPU.Build.0 = Release|Any CPU
		{C9CFE487-E80D-48C0-B5E7-36C93D724A15}.Debug|Any CPU.ActiveCfg = Debug|Any CPU
		{C9CFE487-E80D-48C0-B5E7-36C93D724A15}.Debug|Any CPU.Build.0 = Debug|Any CPU
		{C9CFE487-E80D-48C0-B5E7-36C93D724A15}.Release|Any CPU.ActiveCfg = Release|Any CPU
		{C9CFE487-E80D-48C0-B5E7-36C93D724A15}.Release|Any CPU.Build.0 = Release|Any CPU
		{89C2F928-3028-49A1-8B82-D9ACD0ED6852}.Debug|Any CPU.ActiveCfg = Debug|Any CPU
		{89C2F928-3028-49A1-8B82-D9ACD0ED6852}.Debug|Any CPU.Build.0 = Debug|Any CPU
		{89C2F928-3028-49A1-8B82-D9ACD0ED6852}.Release|Any CPU.ActiveCfg = Release|Any CPU
		{89C2F928-3028-49A1-8B82-D9ACD0ED6852}.Release|Any CPU.Build.0 = Release|Any CPU
		{EBC7B24A-A70E-4DED-9BF6-8D6B93AE33D0}.Debug|Any CPU.ActiveCfg = Debug|Any CPU
		{EBC7B24A-A70E-4DED-9BF6-8D6B93AE33D0}.Debug|Any CPU.Build.0 = Debug|Any CPU
		{EBC7B24A-A70E-4DED-9BF6-8D6B93AE33D0}.Release|Any CPU.ActiveCfg = Release|Any CPU
		{EBC7B24A-A70E-4DED-9BF6-8D6B93AE33D0}.Release|Any CPU.Build.0 = Release|Any CPU
		{B3A64299-40D0-4C5D-BE9E-C0AA61965921}.Debug|Any CPU.ActiveCfg = Debug|Any CPU
		{B3A64299-40D0-4C5D-BE9E-C0AA61965921}.Debug|Any CPU.Build.0 = Debug|Any CPU
		{B3A64299-40D0-4C5D-BE9E-C0AA61965921}.Release|Any CPU.ActiveCfg = Release|Any CPU
		{B3A64299-40D0-4C5D-BE9E-C0AA61965921}.Release|Any CPU.Build.0 = Release|Any CPU
		{713026B6-25E3-4AF9-B17C-BAEA1BB17571}.Debug|Any CPU.ActiveCfg = Debug|Any CPU
		{713026B6-25E3-4AF9-B17C-BAEA1BB17571}.Debug|Any CPU.Build.0 = Debug|Any CPU
		{713026B6-25E3-4AF9-B17C-BAEA1BB17571}.Release|Any CPU.ActiveCfg = Release|Any CPU
		{713026B6-25E3-4AF9-B17C-BAEA1BB17571}.Release|Any CPU.Build.0 = Release|Any CPU
		{F353F39E-FBC2-423F-B504-2CF5E9B8EC71}.Debug|Any CPU.ActiveCfg = Debug|Any CPU
		{F353F39E-FBC2-423F-B504-2CF5E9B8EC71}.Debug|Any CPU.Build.0 = Debug|Any CPU
		{F353F39E-FBC2-423F-B504-2CF5E9B8EC71}.Release|Any CPU.ActiveCfg = Release|Any CPU
		{F353F39E-FBC2-423F-B504-2CF5E9B8EC71}.Release|Any CPU.Build.0 = Release|Any CPU
		{C3ACBF50-CEFA-4472-B226-4B8D656F02FD}.Debug|Any CPU.ActiveCfg = Debug|Any CPU
		{C3ACBF50-CEFA-4472-B226-4B8D656F02FD}.Debug|Any CPU.Build.0 = Debug|Any CPU
		{C3ACBF50-CEFA-4472-B226-4B8D656F02FD}.Release|Any CPU.ActiveCfg = Release|Any CPU
		{C3ACBF50-CEFA-4472-B226-4B8D656F02FD}.Release|Any CPU.Build.0 = Release|Any CPU
		{7299A5A4-B545-40FE-B670-C81A50574B4B}.Debug|Any CPU.ActiveCfg = Debug|Any CPU
		{7299A5A4-B545-40FE-B670-C81A50574B4B}.Debug|Any CPU.Build.0 = Debug|Any CPU
		{7299A5A4-B545-40FE-B670-C81A50574B4B}.Release|Any CPU.ActiveCfg = Release|Any CPU
		{7299A5A4-B545-40FE-B670-C81A50574B4B}.Release|Any CPU.Build.0 = Release|Any CPU
		{AFED88AA-D678-4122-A3E0-71112976E39F}.Debug|Any CPU.ActiveCfg = Debug|Any CPU
		{AFED88AA-D678-4122-A3E0-71112976E39F}.Debug|Any CPU.Build.0 = Debug|Any CPU
		{AFED88AA-D678-4122-A3E0-71112976E39F}.Release|Any CPU.ActiveCfg = Release|Any CPU
		{AFED88AA-D678-4122-A3E0-71112976E39F}.Release|Any CPU.Build.0 = Release|Any CPU
		{0E66E1E0-D4CC-4CD0-B0AB-6CAF96124F88}.Debug|Any CPU.ActiveCfg = Debug|Any CPU
		{0E66E1E0-D4CC-4CD0-B0AB-6CAF96124F88}.Debug|Any CPU.Build.0 = Debug|Any CPU
		{0E66E1E0-D4CC-4CD0-B0AB-6CAF96124F88}.Release|Any CPU.ActiveCfg = Release|Any CPU
		{0E66E1E0-D4CC-4CD0-B0AB-6CAF96124F88}.Release|Any CPU.Build.0 = Release|Any CPU
		{8AE04CBA-6976-40EB-97B4-DDCB111B7B5B}.Debug|Any CPU.ActiveCfg = Debug|Any CPU
		{8AE04CBA-6976-40EB-97B4-DDCB111B7B5B}.Debug|Any CPU.Build.0 = Debug|Any CPU
		{8AE04CBA-6976-40EB-97B4-DDCB111B7B5B}.Release|Any CPU.ActiveCfg = Release|Any CPU
		{8AE04CBA-6976-40EB-97B4-DDCB111B7B5B}.Release|Any CPU.Build.0 = Release|Any CPU
	EndGlobalSection
	GlobalSection(SolutionProperties) = preSolution
		HideSolutionNode = FALSE
	EndGlobalSection
	GlobalSection(NestedProjects) = preSolution
		{512082B9-9B3A-43C8-9939-EFDFB1CAFF2E} = {3878A67C-5481-490A-9DF3-1F5D37287F71}
		{22DFD2AA-0E88-4370-BC69-69FC0F60BFBC} = {5D6F2011-990B-4B92-98BC-60FAE2492CD6}
		{8C41234D-6A90-4226-810C-74D5037342A1} = {22DFD2AA-0E88-4370-BC69-69FC0F60BFBC}
		{EE3A5116-F09A-4861-ADC9-14FA9EC540CC} = {22DFD2AA-0E88-4370-BC69-69FC0F60BFBC}
		{93ABEFBE-0E35-4245-96AD-27CCA1058F54} = {22DFD2AA-0E88-4370-BC69-69FC0F60BFBC}
		{071A92D5-2E91-420E-B7FE-1B90435027B0} = {22DFD2AA-0E88-4370-BC69-69FC0F60BFBC}
		{6D23D6C5-4030-474A-9EC6-F49A29E7BD11} = {22DFD2AA-0E88-4370-BC69-69FC0F60BFBC}
		{ED7924AC-6494-4CA6-88FC-F1AA36CF1F02} = {22DFD2AA-0E88-4370-BC69-69FC0F60BFBC}
		{21F31003-FFD5-4D3F-93BD-801A932AF880} = {22DFD2AA-0E88-4370-BC69-69FC0F60BFBC}
		{DDADFE5E-03BA-486A-8D66-67A73668CD5D} = {5D6F2011-990B-4B92-98BC-60FAE2492CD6}
		{F1C2B961-ABE7-4E5C-987A-7B0BFCFF2D40} = {DDADFE5E-03BA-486A-8D66-67A73668CD5D}
		{D68AA757-890B-4FFC-BE14-E8E321443606} = {5D6F2011-990B-4B92-98BC-60FAE2492CD6}
		{C6E043EE-88A1-4384-B69E-9D4842FB32E4} = {D68AA757-890B-4FFC-BE14-E8E321443606}
		{E47B1B8C-2A7C-4782-83F5-2846E498E72E} = {5D6F2011-990B-4B92-98BC-60FAE2492CD6}
		{E9726320-5AA6-45BD-9C24-DDDDF0EE1486} = {E47B1B8C-2A7C-4782-83F5-2846E498E72E}
		{54F69249-4C93-4F28-8AB4-DB59F9975349} = {5D6F2011-990B-4B92-98BC-60FAE2492CD6}
		{E68B8507-AF8E-4ED2-8C2E-8276260AE1E3} = {5D6F2011-990B-4B92-98BC-60FAE2492CD6}
		{0D9015D7-F0E7-4E9C-BDA6-28FC3D997731} = {5D6F2011-990B-4B92-98BC-60FAE2492CD6}
		{B766EC96-4D08-4B82-9B58-06D4CC2E9CD2} = {5D6F2011-990B-4B92-98BC-60FAE2492CD6}
		{351CE165-5290-4321-B0C0-0B042DEA864C} = {5D6F2011-990B-4B92-98BC-60FAE2492CD6}
		{934B530A-7B3C-4A0D-9986-438A1E84FFCA} = {5D6F2011-990B-4B92-98BC-60FAE2492CD6}
		{AB24FFF2-2438-4E5D-9E21-E02EA90B77DF} = {5D6F2011-990B-4B92-98BC-60FAE2492CD6}
		{DADA0A40-1F45-4527-8449-2200BC9DFD02} = {5D6F2011-990B-4B92-98BC-60FAE2492CD6}
		{4074B72C-4331-4EF6-B374-DE18C63C33C0} = {5D6F2011-990B-4B92-98BC-60FAE2492CD6}
		{E2203DCE-109C-4977-9EDC-E656A10262D7} = {5D6F2011-990B-4B92-98BC-60FAE2492CD6}
		{5BDD26C2-C5AD-42F2-9E46-F9F68393BF6E} = {5D6F2011-990B-4B92-98BC-60FAE2492CD6}
		{F662A1B6-D78D-4853-9814-61D01D42F38D} = {5BDD26C2-C5AD-42F2-9E46-F9F68393BF6E}
		{0D167686-031D-4B2F-8F0F-A35F71736DC2} = {5BDD26C2-C5AD-42F2-9E46-F9F68393BF6E}
		{6E56B0D3-6CEA-4340-8982-6A31A26EAC49} = {5BDD26C2-C5AD-42F2-9E46-F9F68393BF6E}
		{FE4D2C90-9422-477C-8E1E-36E2B1EE2655} = {5BDD26C2-C5AD-42F2-9E46-F9F68393BF6E}
		{A6514F38-9C4A-4018-9D78-2D4735BFD946} = {54F69249-4C93-4F28-8AB4-DB59F9975349}
		{50447CC7-5F8E-48DD-B156-51D28096795C} = {E68B8507-AF8E-4ED2-8C2E-8276260AE1E3}
		{DD3D0EB1-CB52-42EF-953C-2F2F4C3DF2D2} = {E68B8507-AF8E-4ED2-8C2E-8276260AE1E3}
		{27816F79-6EDA-4D2D-A643-65940B93F347} = {E68B8507-AF8E-4ED2-8C2E-8276260AE1E3}
		{D400F205-124B-4B21-A097-988D3258B2ED} = {0D9015D7-F0E7-4E9C-BDA6-28FC3D997731}
		{75B83482-619E-4238-B8AA-E4A4E0A09C9E} = {B766EC96-4D08-4B82-9B58-06D4CC2E9CD2}
		{E9B5C790-C3CC-4B02-A5EA-D6175DF04CF0} = {934B530A-7B3C-4A0D-9986-438A1E84FFCA}
		{C9CFE487-E80D-48C0-B5E7-36C93D724A15} = {AB24FFF2-2438-4E5D-9E21-E02EA90B77DF}
		{89C2F928-3028-49A1-8B82-D9ACD0ED6852} = {4074B72C-4331-4EF6-B374-DE18C63C33C0}
		{EBC7B24A-A70E-4DED-9BF6-8D6B93AE33D0} = {4074B72C-4331-4EF6-B374-DE18C63C33C0}
		{B3A64299-40D0-4C5D-BE9E-C0AA61965921} = {DADA0A40-1F45-4527-8449-2200BC9DFD02}
		{713026B6-25E3-4AF9-B17C-BAEA1BB17571} = {DADA0A40-1F45-4527-8449-2200BC9DFD02}
		{F353F39E-FBC2-423F-B504-2CF5E9B8EC71} = {E2203DCE-109C-4977-9EDC-E656A10262D7}
		{C3ACBF50-CEFA-4472-B226-4B8D656F02FD} = {5BDD26C2-C5AD-42F2-9E46-F9F68393BF6E}
		{16E48FA1-CB6B-4E59-840D-EC5280C93869} = {5D6F2011-990B-4B92-98BC-60FAE2492CD6}
		{7299A5A4-B545-40FE-B670-C81A50574B4B} = {16E48FA1-CB6B-4E59-840D-EC5280C93869}
		{AFED88AA-D678-4122-A3E0-71112976E39F} = {16E48FA1-CB6B-4E59-840D-EC5280C93869}
		{0E66E1E0-D4CC-4CD0-B0AB-6CAF96124F88} = {351CE165-5290-4321-B0C0-0B042DEA864C}
		{4452AE91-399A-41A5-85EB-4E3ADD829413} = {5D6F2011-990B-4B92-98BC-60FAE2492CD6}
		{8AE04CBA-6976-40EB-97B4-DDCB111B7B5B} = {4452AE91-399A-41A5-85EB-4E3ADD829413}
	EndGlobalSection
	GlobalSection(ExtensibilityGlobals) = postSolution
		SolutionGuid = {F6FFA0D6-CD02-443F-9ED1-80D516CAC4DB}
	EndGlobalSection
EndGlobal
