
Microsoft Visual Studio Solution File, Format Version 12.00
# Visual Studio 2013
VisualStudioVersion = 12.0.21005.1
MinimumVisualStudioVersion = 10.0.40219.1
Project("{2150E333-8FDC-42A3-9474-1A3956D46DE8}") = "Dll Framework", "Dll Framework", "{3878A67C-5481-490A-9DF3-1F5D37287F71}"
EndProject
Project("{FAE04EC0-301F-11D3-BF4B-00C04F79EFBC}") = "ActressMas", "Dll Framework\ActressMas\ActressMas.csproj", "{512082B9-9B3A-43C8-9939-EFDFB1CAFF2E}"
EndProject
Project("{2150E333-8FDC-42A3-9474-1A3956D46DE8}") = "L00 Simple Examples", "L00 Simple Examples", "{22DFD2AA-0E88-4370-BC69-69FC0F60BFBC}"
EndProject
Project("{FAE04EC0-301F-11D3-BF4B-00C04F79EFBC}") = "Agents1", "L00 SimpleExamples\Agents1\Agents1.csproj", "{DA5FA45C-2C93-48E0-AB15-C90991FE3ADE}"
EndProject
Project("{FAE04EC0-301F-11D3-BF4B-00C04F79EFBC}") = "Agents2", "L00 SimpleExamples\Agents2\Agents2.csproj", "{EE3A5116-F09A-4861-ADC9-14FA9EC540CC}"
EndProject
Project("{FAE04EC0-301F-11D3-BF4B-00C04F79EFBC}") = "Agents3", "L00 SimpleExamples\Agents3\Agents3.csproj", "{5430A7BE-29F8-4CFF-8E4F-52BD9E5CE105}"
EndProject
Project("{FAE04EC0-301F-11D3-BF4B-00C04F79EFBC}") = "Agents4", "L00 SimpleExamples\Agents4\Agents4.csproj", "{BBE1F8D1-F617-44DB-8CD8-5FFFA578B949}"
EndProject
Project("{2150E333-8FDC-42A3-9474-1A3956D46DE8}") = "L01 Reactive Architecture", "L01 Reactive Architecture", "{D04A875A-EABD-4E22-A94E-B657A5846702}"
EndProject
Project("{FAE04EC0-301F-11D3-BF4B-00C04F79EFBC}") = "Reactive", "L01 Reactive Architecture\Reactive.csproj", "{A11DA86F-523C-4D96-81FC-77875FB3F24D}"
EndProject
Project("{2150E333-8FDC-42A3-9474-1A3956D46DE8}") = "L02 BDI Architecture", "L02 BDI Architecture", "{B02B744C-B253-46B8-99C4-8724E0361420}"
EndProject
Project("{FAE04EC0-301F-11D3-BF4B-00C04F79EFBC}") = "Bdi", "L02 BDI Architecture\Bdi.csproj", "{825A12C0-1950-4C1A-8E3D-CA0E48345C43}"
EndProject
Project("{2150E333-8FDC-42A3-9474-1A3956D46DE8}") = "L03 LRTA Search", "L03 LRTA Search", "{CE94E993-F44E-48E3-B986-751377A1BD34}"
EndProject
Project("{FAE04EC0-301F-11D3-BF4B-00C04F79EFBC}") = "LrtaStar", "L03 LRTA Search\LrtaStar.csproj", "{5F733D59-5BB4-42ED-ABDE-4E9039357D67}"
EndProject
Project("{2150E333-8FDC-42A3-9474-1A3956D46DE8}") = "L04 Shapley Value", "L04 Shapley Value", "{B8BED0B9-4323-4F68-8627-B20608BE68F4}"
EndProject
Project("{FAE04EC0-301F-11D3-BF4B-00C04F79EFBC}") = "Shapley", "L04 Shapley Value\Shapley.csproj", "{80185C2C-8E0D-4639-A05D-BE2245D16C5C}"
EndProject
Project("{2150E333-8FDC-42A3-9474-1A3956D46DE8}") = "L05 Auctions", "L05 Auctions", "{C3A54CC3-38F9-46B6-9D27-90AA47D77E24}"
EndProject
Project("{FAE04EC0-301F-11D3-BF4B-00C04F79EFBC}") = "EnglishAuction", "L05 Auctions\English with broadcast\EnglishAuction.csproj", "{29D8B4E1-F27D-45F1-854B-579E59A85E18}"
EndProject
Project("{FAE04EC0-301F-11D3-BF4B-00C04F79EFBC}") = "EnglishNoBroadcast", "L05 Auctions\English without broadcast\EnglishNoBroadcast.csproj", "{205C9B75-B126-4FB0-BBEA-A6FC87252572}"
EndProject
Project("{FAE04EC0-301F-11D3-BF4B-00C04F79EFBC}") = "VickreyAuction", "L05 Auctions\Vickrey\VickreyAuction.csproj", "{145389DC-5CA3-49FD-A160-AFBA9C7F365D}"
EndProject
Project("{2150E333-8FDC-42A3-9474-1A3956D46DE8}") = "L06 Yellow Pages", "L06 Yellow Pages", "{64E00CCA-E84C-444E-81AB-3B755AE35135}"
EndProject
Project("{FAE04EC0-301F-11D3-BF4B-00C04F79EFBC}") = "YellowPages", "L06 Yellow Pages\YellowPages.csproj", "{1A011AC3-01CD-464A-916B-0879039F1C4C}"
EndProject
Project("{2150E333-8FDC-42A3-9474-1A3956D46DE8}") = "L07 Zeuthen Strategy", "L07 Zeuthen Strategy", "{A9341EFC-04D9-43CE-9D8E-B054AB71490B}"
EndProject
Project("{FAE04EC0-301F-11D3-BF4B-00C04F79EFBC}") = "Zeuthen", "L07 Zeuthen Strategy\Zeuthen.csproj", "{BF83AC37-5429-4BAC-B4C5-B63E086D944B}"
EndProject
Project("{2150E333-8FDC-42A3-9474-1A3956D46DE8}") = "L08 Contract Net", "L08 Contract Net", "{C7389880-A8CC-47DE-AC3B-0C8926858050}"
EndProject
Project("{2150E333-8FDC-42A3-9474-1A3956D46DE8}") = "L09 Mechanism Design", "L09 Mechanism Design", "{F4B48C95-EAE0-4F89-B9D3-26D15B54F86C}"
EndProject
Project("{FAE04EC0-301F-11D3-BF4B-00C04F79EFBC}") = "MechanismDesign", "L09 Mechanism Design\MechanismDesign.csproj", "{8F28FE2A-25C9-43DB-97AE-D0B9CBD30E66}"
EndProject
Project("{2150E333-8FDC-42A3-9474-1A3956D46DE8}") = "L10 Iterated Prisoner Dilemma", "L10 Iterated Prisoner Dilemma", "{912FEADD-A6A3-4430-9133-A63FB9B01BBE}"
EndProject
Project("{FAE04EC0-301F-11D3-BF4B-00C04F79EFBC}") = "IteratedPrisonersDilemma", "L10 Iterated Prisoner Dilemma\IteratedPrisonersDilemma.csproj", "{89C535C0-CB6E-44D8-95A9-17DCA62EBE1D}"
EndProject
Project("{2150E333-8FDC-42A3-9474-1A3956D46DE8}") = "L11 Predator-Prey", "L11 Predator-Prey", "{B19B7A41-08FA-4A92-8AEB-812FC81E7491}"
EndProject
Project("{FAE04EC0-301F-11D3-BF4B-00C04F79EFBC}") = "PredatorPrey", "L11 Predator-Prey\PredatorPrey.csproj", "{0591645C-A56C-4260-8887-46AE8292DEE4}"
EndProject
Global
	GlobalSection(SolutionConfigurationPlatforms) = preSolution
		Debug|Any CPU = Debug|Any CPU
		Release|Any CPU = Release|Any CPU
	EndGlobalSection
	GlobalSection(ProjectConfigurationPlatforms) = postSolution
		{512082B9-9B3A-43C8-9939-EFDFB1CAFF2E}.Debug|Any CPU.ActiveCfg = Debug|Any CPU
		{512082B9-9B3A-43C8-9939-EFDFB1CAFF2E}.Debug|Any CPU.Build.0 = Debug|Any CPU
		{512082B9-9B3A-43C8-9939-EFDFB1CAFF2E}.Release|Any CPU.ActiveCfg = Release|Any CPU
		{512082B9-9B3A-43C8-9939-EFDFB1CAFF2E}.Release|Any CPU.Build.0 = Release|Any CPU
		{DA5FA45C-2C93-48E0-AB15-C90991FE3ADE}.Debug|Any CPU.ActiveCfg = Debug|Any CPU
		{DA5FA45C-2C93-48E0-AB15-C90991FE3ADE}.Debug|Any CPU.Build.0 = Debug|Any CPU
		{DA5FA45C-2C93-48E0-AB15-C90991FE3ADE}.Release|Any CPU.ActiveCfg = Release|Any CPU
		{DA5FA45C-2C93-48E0-AB15-C90991FE3ADE}.Release|Any CPU.Build.0 = Release|Any CPU
		{EE3A5116-F09A-4861-ADC9-14FA9EC540CC}.Debug|Any CPU.ActiveCfg = Debug|Any CPU
		{EE3A5116-F09A-4861-ADC9-14FA9EC540CC}.Debug|Any CPU.Build.0 = Debug|Any CPU
		{EE3A5116-F09A-4861-ADC9-14FA9EC540CC}.Release|Any CPU.ActiveCfg = Release|Any CPU
		{EE3A5116-F09A-4861-ADC9-14FA9EC540CC}.Release|Any CPU.Build.0 = Release|Any CPU
		{5430A7BE-29F8-4CFF-8E4F-52BD9E5CE105}.Debug|Any CPU.ActiveCfg = Debug|Any CPU
		{5430A7BE-29F8-4CFF-8E4F-52BD9E5CE105}.Debug|Any CPU.Build.0 = Debug|Any CPU
		{5430A7BE-29F8-4CFF-8E4F-52BD9E5CE105}.Release|Any CPU.ActiveCfg = Release|Any CPU
		{5430A7BE-29F8-4CFF-8E4F-52BD9E5CE105}.Release|Any CPU.Build.0 = Release|Any CPU
		{BBE1F8D1-F617-44DB-8CD8-5FFFA578B949}.Debug|Any CPU.ActiveCfg = Debug|Any CPU
		{BBE1F8D1-F617-44DB-8CD8-5FFFA578B949}.Debug|Any CPU.Build.0 = Debug|Any CPU
		{BBE1F8D1-F617-44DB-8CD8-5FFFA578B949}.Release|Any CPU.ActiveCfg = Release|Any CPU
		{BBE1F8D1-F617-44DB-8CD8-5FFFA578B949}.Release|Any CPU.Build.0 = Release|Any CPU
		{A11DA86F-523C-4D96-81FC-77875FB3F24D}.Debug|Any CPU.ActiveCfg = Debug|Any CPU
		{A11DA86F-523C-4D96-81FC-77875FB3F24D}.Debug|Any CPU.Build.0 = Debug|Any CPU
		{A11DA86F-523C-4D96-81FC-77875FB3F24D}.Release|Any CPU.ActiveCfg = Release|Any CPU
		{A11DA86F-523C-4D96-81FC-77875FB3F24D}.Release|Any CPU.Build.0 = Release|Any CPU
		{825A12C0-1950-4C1A-8E3D-CA0E48345C43}.Debug|Any CPU.ActiveCfg = Debug|Any CPU
		{825A12C0-1950-4C1A-8E3D-CA0E48345C43}.Debug|Any CPU.Build.0 = Debug|Any CPU
		{825A12C0-1950-4C1A-8E3D-CA0E48345C43}.Release|Any CPU.ActiveCfg = Release|Any CPU
		{825A12C0-1950-4C1A-8E3D-CA0E48345C43}.Release|Any CPU.Build.0 = Release|Any CPU
		{5F733D59-5BB4-42ED-ABDE-4E9039357D67}.Debug|Any CPU.ActiveCfg = Debug|Any CPU
		{5F733D59-5BB4-42ED-ABDE-4E9039357D67}.Debug|Any CPU.Build.0 = Debug|Any CPU
		{5F733D59-5BB4-42ED-ABDE-4E9039357D67}.Release|Any CPU.ActiveCfg = Release|Any CPU
		{5F733D59-5BB4-42ED-ABDE-4E9039357D67}.Release|Any CPU.Build.0 = Release|Any CPU
		{80185C2C-8E0D-4639-A05D-BE2245D16C5C}.Debug|Any CPU.ActiveCfg = Debug|Any CPU
		{80185C2C-8E0D-4639-A05D-BE2245D16C5C}.Debug|Any CPU.Build.0 = Debug|Any CPU
		{80185C2C-8E0D-4639-A05D-BE2245D16C5C}.Release|Any CPU.ActiveCfg = Release|Any CPU
		{80185C2C-8E0D-4639-A05D-BE2245D16C5C}.Release|Any CPU.Build.0 = Release|Any CPU
		{29D8B4E1-F27D-45F1-854B-579E59A85E18}.Debug|Any CPU.ActiveCfg = Debug|Any CPU
		{29D8B4E1-F27D-45F1-854B-579E59A85E18}.Debug|Any CPU.Build.0 = Debug|Any CPU
		{29D8B4E1-F27D-45F1-854B-579E59A85E18}.Release|Any CPU.ActiveCfg = Release|Any CPU
		{29D8B4E1-F27D-45F1-854B-579E59A85E18}.Release|Any CPU.Build.0 = Release|Any CPU
		{205C9B75-B126-4FB0-BBEA-A6FC87252572}.Debug|Any CPU.ActiveCfg = Debug|Any CPU
		{205C9B75-B126-4FB0-BBEA-A6FC87252572}.Debug|Any CPU.Build.0 = Debug|Any CPU
		{205C9B75-B126-4FB0-BBEA-A6FC87252572}.Release|Any CPU.ActiveCfg = Release|Any CPU
		{205C9B75-B126-4FB0-BBEA-A6FC87252572}.Release|Any CPU.Build.0 = Release|Any CPU
		{145389DC-5CA3-49FD-A160-AFBA9C7F365D}.Debug|Any CPU.ActiveCfg = Debug|Any CPU
		{145389DC-5CA3-49FD-A160-AFBA9C7F365D}.Debug|Any CPU.Build.0 = Debug|Any CPU
		{145389DC-5CA3-49FD-A160-AFBA9C7F365D}.Release|Any CPU.ActiveCfg = Release|Any CPU
		{145389DC-5CA3-49FD-A160-AFBA9C7F365D}.Release|Any CPU.Build.0 = Release|Any CPU
		{1A011AC3-01CD-464A-916B-0879039F1C4C}.Debug|Any CPU.ActiveCfg = Debug|Any CPU
		{1A011AC3-01CD-464A-916B-0879039F1C4C}.Debug|Any CPU.Build.0 = Debug|Any CPU
		{1A011AC3-01CD-464A-916B-0879039F1C4C}.Release|Any CPU.ActiveCfg = Release|Any CPU
		{1A011AC3-01CD-464A-916B-0879039F1C4C}.Release|Any CPU.Build.0 = Release|Any CPU
		{BF83AC37-5429-4BAC-B4C5-B63E086D944B}.Debug|Any CPU.ActiveCfg = Debug|Any CPU
		{BF83AC37-5429-4BAC-B4C5-B63E086D944B}.Debug|Any CPU.Build.0 = Debug|Any CPU
		{BF83AC37-5429-4BAC-B4C5-B63E086D944B}.Release|Any CPU.ActiveCfg = Release|Any CPU
		{BF83AC37-5429-4BAC-B4C5-B63E086D944B}.Release|Any CPU.Build.0 = Release|Any CPU
		{8F28FE2A-25C9-43DB-97AE-D0B9CBD30E66}.Debug|Any CPU.ActiveCfg = Debug|Any CPU
		{8F28FE2A-25C9-43DB-97AE-D0B9CBD30E66}.Debug|Any CPU.Build.0 = Debug|Any CPU
		{8F28FE2A-25C9-43DB-97AE-D0B9CBD30E66}.Release|Any CPU.ActiveCfg = Release|Any CPU
		{8F28FE2A-25C9-43DB-97AE-D0B9CBD30E66}.Release|Any CPU.Build.0 = Release|Any CPU
		{89C535C0-CB6E-44D8-95A9-17DCA62EBE1D}.Debug|Any CPU.ActiveCfg = Debug|Any CPU
		{89C535C0-CB6E-44D8-95A9-17DCA62EBE1D}.Debug|Any CPU.Build.0 = Debug|Any CPU
		{89C535C0-CB6E-44D8-95A9-17DCA62EBE1D}.Release|Any CPU.ActiveCfg = Release|Any CPU
		{89C535C0-CB6E-44D8-95A9-17DCA62EBE1D}.Release|Any CPU.Build.0 = Release|Any CPU
		{0591645C-A56C-4260-8887-46AE8292DEE4}.Debug|Any CPU.ActiveCfg = Debug|Any CPU
		{0591645C-A56C-4260-8887-46AE8292DEE4}.Debug|Any CPU.Build.0 = Debug|Any CPU
		{0591645C-A56C-4260-8887-46AE8292DEE4}.Release|Any CPU.ActiveCfg = Release|Any CPU
		{0591645C-A56C-4260-8887-46AE8292DEE4}.Release|Any CPU.Build.0 = Release|Any CPU
	EndGlobalSection
	GlobalSection(SolutionProperties) = preSolution
		HideSolutionNode = FALSE
	EndGlobalSection
	GlobalSection(NestedProjects) = preSolution
		{512082B9-9B3A-43C8-9939-EFDFB1CAFF2E} = {3878A67C-5481-490A-9DF3-1F5D37287F71}
		{DA5FA45C-2C93-48E0-AB15-C90991FE3ADE} = {22DFD2AA-0E88-4370-BC69-69FC0F60BFBC}
		{EE3A5116-F09A-4861-ADC9-14FA9EC540CC} = {22DFD2AA-0E88-4370-BC69-69FC0F60BFBC}
		{5430A7BE-29F8-4CFF-8E4F-52BD9E5CE105} = {22DFD2AA-0E88-4370-BC69-69FC0F60BFBC}
		{BBE1F8D1-F617-44DB-8CD8-5FFFA578B949} = {22DFD2AA-0E88-4370-BC69-69FC0F60BFBC}
		{A11DA86F-523C-4D96-81FC-77875FB3F24D} = {D04A875A-EABD-4E22-A94E-B657A5846702}
		{825A12C0-1950-4C1A-8E3D-CA0E48345C43} = {B02B744C-B253-46B8-99C4-8724E0361420}
		{5F733D59-5BB4-42ED-ABDE-4E9039357D67} = {CE94E993-F44E-48E3-B986-751377A1BD34}
		{80185C2C-8E0D-4639-A05D-BE2245D16C5C} = {B8BED0B9-4323-4F68-8627-B20608BE68F4}
		{29D8B4E1-F27D-45F1-854B-579E59A85E18} = {C3A54CC3-38F9-46B6-9D27-90AA47D77E24}
		{205C9B75-B126-4FB0-BBEA-A6FC87252572} = {C3A54CC3-38F9-46B6-9D27-90AA47D77E24}
		{145389DC-5CA3-49FD-A160-AFBA9C7F365D} = {C3A54CC3-38F9-46B6-9D27-90AA47D77E24}
		{1A011AC3-01CD-464A-916B-0879039F1C4C} = {64E00CCA-E84C-444E-81AB-3B755AE35135}
		{BF83AC37-5429-4BAC-B4C5-B63E086D944B} = {A9341EFC-04D9-43CE-9D8E-B054AB71490B}
		{8F28FE2A-25C9-43DB-97AE-D0B9CBD30E66} = {F4B48C95-EAE0-4F89-B9D3-26D15B54F86C}
		{89C535C0-CB6E-44D8-95A9-17DCA62EBE1D} = {912FEADD-A6A3-4430-9133-A63FB9B01BBE}
		{0591645C-A56C-4260-8887-46AE8292DEE4} = {B19B7A41-08FA-4A92-8AEB-812FC81E7491}
	EndGlobalSection
EndGlobal
